// !$*UTF8*$!
{
	archiveVersion = 1;
	classes = {
	};
	objectVersion = 52;
	objects = {

/* Begin PBXBuildFile section */
		670811962372B54C009A132D /* GeonameTableViewCell.swift in Sources */ = {isa = PBXBuildFile; fileRef = 670811952372B54C009A132D /* GeonameTableViewCell.swift */; };
		670811992372C3F3009A132D /* Kingfisher in Frameworks */ = {isa = PBXBuildFile; productRef = 670811982372C3F3009A132D /* Kingfisher */; };
		673B9BEF23730C9200C0951E /* RappleProgressHUD in Frameworks */ = {isa = PBXBuildFile; productRef = 673B9BEE23730C9200C0951E /* RappleProgressHUD */; };
		6785D3912370369E003B1636 /* AppDelegate.swift in Sources */ = {isa = PBXBuildFile; fileRef = 6785D3902370369E003B1636 /* AppDelegate.swift */; };
		6785D3932370369E003B1636 /* SceneDelegate.swift in Sources */ = {isa = PBXBuildFile; fileRef = 6785D3922370369E003B1636 /* SceneDelegate.swift */; };
		6785D3952370369E003B1636 /* WikiSearchViewController.swift in Sources */ = {isa = PBXBuildFile; fileRef = 6785D3942370369E003B1636 /* WikiSearchViewController.swift */; };
		6785D3982370369E003B1636 /* WikiSearch.storyboard in Resources */ = {isa = PBXBuildFile; fileRef = 6785D3962370369E003B1636 /* WikiSearch.storyboard */; };
		6785D39A2370369F003B1636 /* Assets.xcassets in Resources */ = {isa = PBXBuildFile; fileRef = 6785D3992370369F003B1636 /* Assets.xcassets */; };
		6785D39D2370369F003B1636 /* LaunchScreen.storyboard in Resources */ = {isa = PBXBuildFile; fileRef = 6785D39B2370369F003B1636 /* LaunchScreen.storyboard */; };
		6785D3A82370369F003B1636 /* GeoNamesWikiTests.swift in Sources */ = {isa = PBXBuildFile; fileRef = 6785D3A72370369F003B1636 /* GeoNamesWikiTests.swift */; };
		6785D3B32370369F003B1636 /* GeoNamesWikiUITests.swift in Sources */ = {isa = PBXBuildFile; fileRef = 6785D3B22370369F003B1636 /* GeoNamesWikiUITests.swift */; };
		6785D3C823704568003B1636 /* Keyword.swift in Sources */ = {isa = PBXBuildFile; fileRef = 6785D3C723704568003B1636 /* Keyword.swift */; };
		6785D3CA237046B6003B1636 /* GeoName.swift in Sources */ = {isa = PBXBuildFile; fileRef = 6785D3C9237046B6003B1636 /* GeoName.swift */; };
		6785D3CC237047FA003B1636 /* WebServiceManager.swift in Sources */ = {isa = PBXBuildFile; fileRef = 6785D3CB237047FA003B1636 /* WebServiceManager.swift */; };
		6785D3D22370D010003B1636 /* Geonames.xcdatamodeld in Sources */ = {isa = PBXBuildFile; fileRef = 6785D3D02370D010003B1636 /* Geonames.xcdatamodeld */; };
		6785D3D423715AC1003B1636 /* CoreDataManager.swift in Sources */ = {isa = PBXBuildFile; fileRef = 6785D3D323715AC1003B1636 /* CoreDataManager.swift */; };
/* End PBXBuildFile section */

/* Begin PBXContainerItemProxy section */
		6785D3A42370369F003B1636 /* PBXContainerItemProxy */ = {
			isa = PBXContainerItemProxy;
			containerPortal = 6785D3852370369E003B1636 /* Project object */;
			proxyType = 1;
			remoteGlobalIDString = 6785D38C2370369E003B1636;
			remoteInfo = GeoNamesWiki;
		};
		6785D3AF2370369F003B1636 /* PBXContainerItemProxy */ = {
			isa = PBXContainerItemProxy;
			containerPortal = 6785D3852370369E003B1636 /* Project object */;
			proxyType = 1;
			remoteGlobalIDString = 6785D38C2370369E003B1636;
			remoteInfo = GeoNamesWiki;
		};
/* End PBXContainerItemProxy section */

/* Begin PBXFileReference section */
		670811952372B54C009A132D /* GeonameTableViewCell.swift */ = {isa = PBXFileReference; lastKnownFileType = sourcecode.swift; path = GeonameTableViewCell.swift; sourceTree = "<group>"; };
		6785D38D2370369E003B1636 /* GeoNamesWiki.app */ = {isa = PBXFileReference; explicitFileType = wrapper.application; includeInIndex = 0; path = GeoNamesWiki.app; sourceTree = BUILT_PRODUCTS_DIR; };
		6785D3902370369E003B1636 /* AppDelegate.swift */ = {isa = PBXFileReference; lastKnownFileType = sourcecode.swift; path = AppDelegate.swift; sourceTree = "<group>"; };
		6785D3922370369E003B1636 /* SceneDelegate.swift */ = {isa = PBXFileReference; lastKnownFileType = sourcecode.swift; path = SceneDelegate.swift; sourceTree = "<group>"; };
		6785D3942370369E003B1636 /* WikiSearchViewController.swift */ = {isa = PBXFileReference; lastKnownFileType = sourcecode.swift; path = WikiSearchViewController.swift; sourceTree = "<group>"; };
		6785D3972370369E003B1636 /* Base */ = {isa = PBXFileReference; lastKnownFileType = file.storyboard; name = Base; path = Base.lproj/WikiSearch.storyboard; sourceTree = "<group>"; };
		6785D3992370369F003B1636 /* Assets.xcassets */ = {isa = PBXFileReference; lastKnownFileType = folder.assetcatalog; path = Assets.xcassets; sourceTree = "<group>"; };
		6785D39C2370369F003B1636 /* Base */ = {isa = PBXFileReference; lastKnownFileType = file.storyboard; name = Base; path = Base.lproj/LaunchScreen.storyboard; sourceTree = "<group>"; };
		6785D39E2370369F003B1636 /* Info.plist */ = {isa = PBXFileReference; lastKnownFileType = text.plist.xml; path = Info.plist; sourceTree = "<group>"; };
		6785D3A32370369F003B1636 /* GeoNamesWikiTests.xctest */ = {isa = PBXFileReference; explicitFileType = wrapper.cfbundle; includeInIndex = 0; path = GeoNamesWikiTests.xctest; sourceTree = BUILT_PRODUCTS_DIR; };
		6785D3A72370369F003B1636 /* GeoNamesWikiTests.swift */ = {isa = PBXFileReference; lastKnownFileType = sourcecode.swift; path = GeoNamesWikiTests.swift; sourceTree = "<group>"; };
		6785D3A92370369F003B1636 /* Info.plist */ = {isa = PBXFileReference; lastKnownFileType = text.plist.xml; path = Info.plist; sourceTree = "<group>"; };
		6785D3AE2370369F003B1636 /* GeoNamesWikiUITests.xctest */ = {isa = PBXFileReference; explicitFileType = wrapper.cfbundle; includeInIndex = 0; path = GeoNamesWikiUITests.xctest; sourceTree = BUILT_PRODUCTS_DIR; };
		6785D3B22370369F003B1636 /* GeoNamesWikiUITests.swift */ = {isa = PBXFileReference; lastKnownFileType = sourcecode.swift; path = GeoNamesWikiUITests.swift; sourceTree = "<group>"; };
		6785D3B42370369F003B1636 /* Info.plist */ = {isa = PBXFileReference; lastKnownFileType = text.plist.xml; path = Info.plist; sourceTree = "<group>"; };
		6785D3C723704568003B1636 /* Keyword.swift */ = {isa = PBXFileReference; lastKnownFileType = sourcecode.swift; path = Keyword.swift; sourceTree = "<group>"; };
		6785D3C9237046B6003B1636 /* GeoName.swift */ = {isa = PBXFileReference; lastKnownFileType = sourcecode.swift; path = GeoName.swift; sourceTree = "<group>"; };
		6785D3CB237047FA003B1636 /* WebServiceManager.swift */ = {isa = PBXFileReference; lastKnownFileType = sourcecode.swift; path = WebServiceManager.swift; sourceTree = "<group>"; };
		6785D3D12370D010003B1636 /* Geonames.xcdatamodel */ = {isa = PBXFileReference; lastKnownFileType = wrapper.xcdatamodel; path = Geonames.xcdatamodel; sourceTree = "<group>"; };
		6785D3D323715AC1003B1636 /* CoreDataManager.swift */ = {isa = PBXFileReference; lastKnownFileType = sourcecode.swift; path = CoreDataManager.swift; sourceTree = "<group>"; };
/* End PBXFileReference section */

/* Begin PBXFrameworksBuildPhase section */
		6785D38A2370369E003B1636 /* Frameworks */ = {
			isa = PBXFrameworksBuildPhase;
			buildActionMask = 2147483647;
			files = (
				670811992372C3F3009A132D /* Kingfisher in Frameworks */,
				673B9BEF23730C9200C0951E /* RappleProgressHUD in Frameworks */,
			);
			runOnlyForDeploymentPostprocessing = 0;
		};
		6785D3A02370369F003B1636 /* Frameworks */ = {
			isa = PBXFrameworksBuildPhase;
			buildActionMask = 2147483647;
			files = (
			);
			runOnlyForDeploymentPostprocessing = 0;
		};
		6785D3AB2370369F003B1636 /* Frameworks */ = {
			isa = PBXFrameworksBuildPhase;
			buildActionMask = 2147483647;
			files = (
			);
			runOnlyForDeploymentPostprocessing = 0;
		};
/* End PBXFrameworksBuildPhase section */

/* Begin PBXGroup section */
		670811942372B531009A132D /* Views */ = {
			isa = PBXGroup;
			children = (
				670811952372B54C009A132D /* GeonameTableViewCell.swift */,
			);
			path = Views;
			sourceTree = "<group>";
		};
		6785D3842370369E003B1636 = {
			isa = PBXGroup;
			children = (
				6785D38F2370369E003B1636 /* GeoNamesWiki */,
				6785D3A62370369F003B1636 /* GeoNamesWikiTests */,
				6785D3B12370369F003B1636 /* GeoNamesWikiUITests */,
				6785D38E2370369E003B1636 /* Products */,
			);
			sourceTree = "<group>";
		};
		6785D38E2370369E003B1636 /* Products */ = {
			isa = PBXGroup;
			children = (
				6785D38D2370369E003B1636 /* GeoNamesWiki.app */,
				6785D3A32370369F003B1636 /* GeoNamesWikiTests.xctest */,
				6785D3AE2370369F003B1636 /* GeoNamesWikiUITests.xctest */,
			);
			name = Products;
			sourceTree = "<group>";
		};
		6785D38F2370369E003B1636 /* GeoNamesWiki */ = {
			isa = PBXGroup;
			children = (
				6785D3C1237038C2003B1636 /* Storyboard */,
				6785D3C0237038B0003B1636 /* Application */,
				6785D3C3237038EC003B1636 /* ViewControllers */,
				6785D3C42370392F003B1636 /* Libraries */,
				6785D3C2237038DC003B1636 /* Resources */,
			);
			path = GeoNamesWiki;
			sourceTree = "<group>";
		};
		6785D3A62370369F003B1636 /* GeoNamesWikiTests */ = {
			isa = PBXGroup;
			children = (
				6785D3A72370369F003B1636 /* GeoNamesWikiTests.swift */,
				6785D3A92370369F003B1636 /* Info.plist */,
			);
			path = GeoNamesWikiTests;
			sourceTree = "<group>";
		};
		6785D3B12370369F003B1636 /* GeoNamesWikiUITests */ = {
			isa = PBXGroup;
			children = (
				6785D3B22370369F003B1636 /* GeoNamesWikiUITests.swift */,
				6785D3B42370369F003B1636 /* Info.plist */,
			);
			path = GeoNamesWikiUITests;
			sourceTree = "<group>";
		};
		6785D3C0237038B0003B1636 /* Application */ = {
			isa = PBXGroup;
			children = (
				6785D3922370369E003B1636 /* SceneDelegate.swift */,
				6785D3902370369E003B1636 /* AppDelegate.swift */,
				6785D39E2370369F003B1636 /* Info.plist */,
			);
			path = Application;
			sourceTree = "<group>";
		};
		6785D3C1237038C2003B1636 /* Storyboard */ = {
			isa = PBXGroup;
			children = (
				6785D39B2370369F003B1636 /* LaunchScreen.storyboard */,
				6785D3962370369E003B1636 /* WikiSearch.storyboard */,
			);
			path = Storyboard;
			sourceTree = "<group>";
		};
		6785D3C2237038DC003B1636 /* Resources */ = {
			isa = PBXGroup;
			children = (
				6785D3992370369F003B1636 /* Assets.xcassets */,
				6785D3D02370D010003B1636 /* Geonames.xcdatamodeld */,
			);
			path = Resources;
			sourceTree = "<group>";
		};
		6785D3C3237038EC003B1636 /* ViewControllers */ = {
			isa = PBXGroup;
			children = (
				6785D3942370369E003B1636 /* WikiSearchViewController.swift */,
				670811942372B531009A132D /* Views */,
			);
			path = ViewControllers;
			sourceTree = "<group>";
		};
		6785D3C42370392F003B1636 /* Libraries */ = {
			isa = PBXGroup;
			children = (
				6785D3C623703958003B1636 /* Models */,
				6785D3C523703950003B1636 /* Managers */,
			);
			path = Libraries;
			sourceTree = "<group>";
		};
		6785D3C523703950003B1636 /* Managers */ = {
			isa = PBXGroup;
			children = (
				6785D3CB237047FA003B1636 /* WebServiceManager.swift */,
				6785D3D323715AC1003B1636 /* CoreDataManager.swift */,
			);
			path = Managers;
			sourceTree = "<group>";
		};
		6785D3C623703958003B1636 /* Models */ = {
			isa = PBXGroup;
			children = (
				6785D3C723704568003B1636 /* Keyword.swift */,
				6785D3C9237046B6003B1636 /* GeoName.swift */,
			);
			path = Models;
			sourceTree = "<group>";
		};
/* End PBXGroup section */

/* Begin PBXNativeTarget section */
		6785D38C2370369E003B1636 /* GeoNamesWiki */ = {
			isa = PBXNativeTarget;
			buildConfigurationList = 6785D3B72370369F003B1636 /* Build configuration list for PBXNativeTarget "GeoNamesWiki" */;
			buildPhases = (
				6785D3892370369E003B1636 /* Sources */,
				6785D38A2370369E003B1636 /* Frameworks */,
				6785D38B2370369E003B1636 /* Resources */,
			);
			buildRules = (
			);
			dependencies = (
			);
			name = GeoNamesWiki;
			packageProductDependencies = (
				670811982372C3F3009A132D /* Kingfisher */,
				673B9BEE23730C9200C0951E /* RappleProgressHUD */,
			);
			productName = GeoNamesWiki;
			productReference = 6785D38D2370369E003B1636 /* GeoNamesWiki.app */;
			productType = "com.apple.product-type.application";
		};
		6785D3A22370369F003B1636 /* GeoNamesWikiTests */ = {
			isa = PBXNativeTarget;
			buildConfigurationList = 6785D3BA2370369F003B1636 /* Build configuration list for PBXNativeTarget "GeoNamesWikiTests" */;
			buildPhases = (
				6785D39F2370369F003B1636 /* Sources */,
				6785D3A02370369F003B1636 /* Frameworks */,
				6785D3A12370369F003B1636 /* Resources */,
			);
			buildRules = (
			);
			dependencies = (
				6785D3A52370369F003B1636 /* PBXTargetDependency */,
			);
			name = GeoNamesWikiTests;
			productName = GeoNamesWikiTests;
			productReference = 6785D3A32370369F003B1636 /* GeoNamesWikiTests.xctest */;
			productType = "com.apple.product-type.bundle.unit-test";
		};
		6785D3AD2370369F003B1636 /* GeoNamesWikiUITests */ = {
			isa = PBXNativeTarget;
			buildConfigurationList = 6785D3BD2370369F003B1636 /* Build configuration list for PBXNativeTarget "GeoNamesWikiUITests" */;
			buildPhases = (
				6785D3AA2370369F003B1636 /* Sources */,
				6785D3AB2370369F003B1636 /* Frameworks */,
				6785D3AC2370369F003B1636 /* Resources */,
			);
			buildRules = (
			);
			dependencies = (
				6785D3B02370369F003B1636 /* PBXTargetDependency */,
			);
			name = GeoNamesWikiUITests;
			productName = GeoNamesWikiUITests;
			productReference = 6785D3AE2370369F003B1636 /* GeoNamesWikiUITests.xctest */;
			productType = "com.apple.product-type.bundle.ui-testing";
		};
/* End PBXNativeTarget section */

/* Begin PBXProject section */
		6785D3852370369E003B1636 /* Project object */ = {
			isa = PBXProject;
			attributes = {
				LastSwiftUpdateCheck = 1100;
				LastUpgradeCheck = 1100;
				ORGANIZATIONNAME = "Sergey Krasiuk";
				TargetAttributes = {
					6785D38C2370369E003B1636 = {
						CreatedOnToolsVersion = 11.0;
					};
					6785D3A22370369F003B1636 = {
						CreatedOnToolsVersion = 11.0;
						TestTargetID = 6785D38C2370369E003B1636;
					};
					6785D3AD2370369F003B1636 = {
						CreatedOnToolsVersion = 11.0;
						TestTargetID = 6785D38C2370369E003B1636;
					};
				};
			};
			buildConfigurationList = 6785D3882370369E003B1636 /* Build configuration list for PBXProject "GeoNamesWiki" */;
			compatibilityVersion = "Xcode 9.3";
			developmentRegion = en;
			hasScannedForEncodings = 0;
			knownRegions = (
				en,
				Base,
			);
			mainGroup = 6785D3842370369E003B1636;
			packageReferences = (
				670811972372C3F3009A132D /* XCRemoteSwiftPackageReference "Kingfisher" */,
				673B9BED23730C9200C0951E /* XCRemoteSwiftPackageReference "RappleProgressHUD" */,
			);
			productRefGroup = 6785D38E2370369E003B1636 /* Products */;
			projectDirPath = "";
			projectRoot = "";
			targets = (
				6785D38C2370369E003B1636 /* GeoNamesWiki */,
				6785D3A22370369F003B1636 /* GeoNamesWikiTests */,
				6785D3AD2370369F003B1636 /* GeoNamesWikiUITests */,
			);
		};
/* End PBXProject section */

/* Begin PBXResourcesBuildPhase section */
		6785D38B2370369E003B1636 /* Resources */ = {
			isa = PBXResourcesBuildPhase;
			buildActionMask = 2147483647;
			files = (
				6785D39D2370369F003B1636 /* LaunchScreen.storyboard in Resources */,
				6785D39A2370369F003B1636 /* Assets.xcassets in Resources */,
				6785D3982370369E003B1636 /* WikiSearch.storyboard in Resources */,
			);
			runOnlyForDeploymentPostprocessing = 0;
		};
		6785D3A12370369F003B1636 /* Resources */ = {
			isa = PBXResourcesBuildPhase;
			buildActionMask = 2147483647;
			files = (
			);
			runOnlyForDeploymentPostprocessing = 0;
		};
		6785D3AC2370369F003B1636 /* Resources */ = {
			isa = PBXResourcesBuildPhase;
			buildActionMask = 2147483647;
			files = (
			);
			runOnlyForDeploymentPostprocessing = 0;
		};
/* End PBXResourcesBuildPhase section */

/* Begin PBXSourcesBuildPhase section */
		6785D3892370369E003B1636 /* Sources */ = {
			isa = PBXSourcesBuildPhase;
			buildActionMask = 2147483647;
			files = (
				6785D3952370369E003B1636 /* WikiSearchViewController.swift in Sources */,
				6785D3C823704568003B1636 /* Keyword.swift in Sources */,
				670811962372B54C009A132D /* GeonameTableViewCell.swift in Sources */,
				6785D3CC237047FA003B1636 /* WebServiceManager.swift in Sources */,
				6785D3D22370D010003B1636 /* Geonames.xcdatamodeld in Sources */,
				6785D3912370369E003B1636 /* AppDelegate.swift in Sources */,
				6785D3D423715AC1003B1636 /* CoreDataManager.swift in Sources */,
				6785D3932370369E003B1636 /* SceneDelegate.swift in Sources */,
				6785D3CA237046B6003B1636 /* GeoName.swift in Sources */,
			);
			runOnlyForDeploymentPostprocessing = 0;
		};
		6785D39F2370369F003B1636 /* Sources */ = {
			isa = PBXSourcesBuildPhase;
			buildActionMask = 2147483647;
			files = (
				6785D3A82370369F003B1636 /* GeoNamesWikiTests.swift in Sources */,
			);
			runOnlyForDeploymentPostprocessing = 0;
		};
		6785D3AA2370369F003B1636 /* Sources */ = {
			isa = PBXSourcesBuildPhase;
			buildActionMask = 2147483647;
			files = (
				6785D3B32370369F003B1636 /* GeoNamesWikiUITests.swift in Sources */,
			);
			runOnlyForDeploymentPostprocessing = 0;
		};
/* End PBXSourcesBuildPhase section */

/* Begin PBXTargetDependency section */
		6785D3A52370369F003B1636 /* PBXTargetDependency */ = {
			isa = PBXTargetDependency;
			target = 6785D38C2370369E003B1636 /* GeoNamesWiki */;
			targetProxy = 6785D3A42370369F003B1636 /* PBXContainerItemProxy */;
		};
		6785D3B02370369F003B1636 /* PBXTargetDependency */ = {
			isa = PBXTargetDependency;
			target = 6785D38C2370369E003B1636 /* GeoNamesWiki */;
			targetProxy = 6785D3AF2370369F003B1636 /* PBXContainerItemProxy */;
		};
/* End PBXTargetDependency section */

/* Begin PBXVariantGroup section */
		6785D3962370369E003B1636 /* WikiSearch.storyboard */ = {
			isa = PBXVariantGroup;
			children = (
				6785D3972370369E003B1636 /* Base */,
			);
			name = WikiSearch.storyboard;
			sourceTree = "<group>";
		};
		6785D39B2370369F003B1636 /* LaunchScreen.storyboard */ = {
			isa = PBXVariantGroup;
			children = (
				6785D39C2370369F003B1636 /* Base */,
			);
			name = LaunchScreen.storyboard;
			sourceTree = "<group>";
		};
/* End PBXVariantGroup section */

/* Begin XCBuildConfiguration section */
		6785D3B52370369F003B1636 /* Debug */ = {
			isa = XCBuildConfiguration;
			buildSettings = {
				ALWAYS_SEARCH_USER_PATHS = NO;
				CLANG_ANALYZER_NONNULL = YES;
				CLANG_ANALYZER_NUMBER_OBJECT_CONVERSION = YES_AGGRESSIVE;
				CLANG_CXX_LANGUAGE_STANDARD = "gnu++14";
				CLANG_CXX_LIBRARY = "libc++";
				CLANG_ENABLE_MODULES = YES;
				CLANG_ENABLE_OBJC_ARC = YES;
				CLANG_ENABLE_OBJC_WEAK = YES;
				CLANG_WARN_BLOCK_CAPTURE_AUTORELEASING = YES;
				CLANG_WARN_BOOL_CONVERSION = YES;
				CLANG_WARN_COMMA = YES;
				CLANG_WARN_CONSTANT_CONVERSION = YES;
				CLANG_WARN_DEPRECATED_OBJC_IMPLEMENTATIONS = YES;
				CLANG_WARN_DIRECT_OBJC_ISA_USAGE = YES_ERROR;
				CLANG_WARN_DOCUMENTATION_COMMENTS = YES;
				CLANG_WARN_EMPTY_BODY = YES;
				CLANG_WARN_ENUM_CONVERSION = YES;
				CLANG_WARN_INFINITE_RECURSION = YES;
				CLANG_WARN_INT_CONVERSION = YES;
				CLANG_WARN_NON_LITERAL_NULL_CONVERSION = YES;
				CLANG_WARN_OBJC_IMPLICIT_RETAIN_SELF = YES;
				CLANG_WARN_OBJC_LITERAL_CONVERSION = YES;
				CLANG_WARN_OBJC_ROOT_CLASS = YES_ERROR;
				CLANG_WARN_RANGE_LOOP_ANALYSIS = YES;
				CLANG_WARN_STRICT_PROTOTYPES = YES;
				CLANG_WARN_SUSPICIOUS_MOVE = YES;
				CLANG_WARN_UNGUARDED_AVAILABILITY = YES_AGGRESSIVE;
				CLANG_WARN_UNREACHABLE_CODE = YES;
				CLANG_WARN__DUPLICATE_METHOD_MATCH = YES;
				COPY_PHASE_STRIP = NO;
				DEBUG_INFORMATION_FORMAT = dwarf;
				ENABLE_STRICT_OBJC_MSGSEND = YES;
				ENABLE_TESTABILITY = YES;
				GCC_C_LANGUAGE_STANDARD = gnu11;
				GCC_DYNAMIC_NO_PIC = NO;
				GCC_NO_COMMON_BLOCKS = YES;
				GCC_OPTIMIZATION_LEVEL = 0;
				GCC_PREPROCESSOR_DEFINITIONS = (
					"DEBUG=1",
					"$(inherited)",
				);
				GCC_WARN_64_TO_32_BIT_CONVERSION = YES;
				GCC_WARN_ABOUT_RETURN_TYPE = YES_ERROR;
				GCC_WARN_UNDECLARED_SELECTOR = YES;
				GCC_WARN_UNINITIALIZED_AUTOS = YES_AGGRESSIVE;
				GCC_WARN_UNUSED_FUNCTION = YES;
				GCC_WARN_UNUSED_VARIABLE = YES;
				IPHONEOS_DEPLOYMENT_TARGET = 13.0;
				MTL_ENABLE_DEBUG_INFO = INCLUDE_SOURCE;
				MTL_FAST_MATH = YES;
				ONLY_ACTIVE_ARCH = YES;
				SDKROOT = iphoneos;
				SWIFT_ACTIVE_COMPILATION_CONDITIONS = DEBUG;
				SWIFT_OPTIMIZATION_LEVEL = "-Onone";
			};
			name = Debug;
		};
		6785D3B62370369F003B1636 /* Release */ = {
			isa = XCBuildConfiguration;
			buildSettings = {
				ALWAYS_SEARCH_USER_PATHS = NO;
				CLANG_ANALYZER_NONNULL = YES;
				CLANG_ANALYZER_NUMBER_OBJECT_CONVERSION = YES_AGGRESSIVE;
				CLANG_CXX_LANGUAGE_STANDARD = "gnu++14";
				CLANG_CXX_LIBRARY = "libc++";
				CLANG_ENABLE_MODULES = YES;
				CLANG_ENABLE_OBJC_ARC = YES;
				CLANG_ENABLE_OBJC_WEAK = YES;
				CLANG_WARN_BLOCK_CAPTURE_AUTORELEASING = YES;
				CLANG_WARN_BOOL_CONVERSION = YES;
				CLANG_WARN_COMMA = YES;
				CLANG_WARN_CONSTANT_CONVERSION = YES;
				CLANG_WARN_DEPRECATED_OBJC_IMPLEMENTATIONS = YES;
				CLANG_WARN_DIRECT_OBJC_ISA_USAGE = YES_ERROR;
				CLANG_WARN_DOCUMENTATION_COMMENTS = YES;
				CLANG_WARN_EMPTY_BODY = YES;
				CLANG_WARN_ENUM_CONVERSION = YES;
				CLANG_WARN_INFINITE_RECURSION = YES;
				CLANG_WARN_INT_CONVERSION = YES;
				CLANG_WARN_NON_LITERAL_NULL_CONVERSION = YES;
				CLANG_WARN_OBJC_IMPLICIT_RETAIN_SELF = YES;
				CLANG_WARN_OBJC_LITERAL_CONVERSION = YES;
				CLANG_WARN_OBJC_ROOT_CLASS = YES_ERROR;
				CLANG_WARN_RANGE_LOOP_ANALYSIS = YES;
				CLANG_WARN_STRICT_PROTOTYPES = YES;
				CLANG_WARN_SUSPICIOUS_MOVE = YES;
				CLANG_WARN_UNGUARDED_AVAILABILITY = YES_AGGRESSIVE;
				CLANG_WARN_UNREACHABLE_CODE = YES;
				CLANG_WARN__DUPLICATE_METHOD_MATCH = YES;
				COPY_PHASE_STRIP = NO;
				DEBUG_INFORMATION_FORMAT = "dwarf-with-dsym";
				ENABLE_NS_ASSERTIONS = NO;
				ENABLE_STRICT_OBJC_MSGSEND = YES;
				GCC_C_LANGUAGE_STANDARD = gnu11;
				GCC_NO_COMMON_BLOCKS = YES;
				GCC_WARN_64_TO_32_BIT_CONVERSION = YES;
				GCC_WARN_ABOUT_RETURN_TYPE = YES_ERROR;
				GCC_WARN_UNDECLARED_SELECTOR = YES;
				GCC_WARN_UNINITIALIZED_AUTOS = YES_AGGRESSIVE;
				GCC_WARN_UNUSED_FUNCTION = YES;
				GCC_WARN_UNUSED_VARIABLE = YES;
				IPHONEOS_DEPLOYMENT_TARGET = 13.0;
				MTL_ENABLE_DEBUG_INFO = NO;
				MTL_FAST_MATH = YES;
				SDKROOT = iphoneos;
				SWIFT_COMPILATION_MODE = wholemodule;
				SWIFT_OPTIMIZATION_LEVEL = "-O";
				VALIDATE_PRODUCT = YES;
			};
			name = Release;
		};
		6785D3B82370369F003B1636 /* Debug */ = {
			isa = XCBuildConfiguration;
			buildSettings = {
				ASSETCATALOG_COMPILER_APPICON_NAME = AppIcon;
				CODE_SIGN_STYLE = Automatic;
				DEVELOPMENT_TEAM = 2K3J9PFDL3;
				INFOPLIST_FILE = GeoNamesWiki/Application/Info.plist;
				LD_RUNPATH_SEARCH_PATHS = (
					"$(inherited)",
					"@executable_path/Frameworks",
				);
				PRODUCT_BUNDLE_IDENTIFIER = KRASIUK.GeoNamesWiki;
				PRODUCT_NAME = "$(TARGET_NAME)";
				SWIFT_VERSION = 5.0;
				TARGETED_DEVICE_FAMILY = 1;
			};
			name = Debug;
		};
		6785D3B92370369F003B1636 /* Release */ = {
			isa = XCBuildConfiguration;
			buildSettings = {
				ASSETCATALOG_COMPILER_APPICON_NAME = AppIcon;
				CODE_SIGN_STYLE = Automatic;
				DEVELOPMENT_TEAM = 2K3J9PFDL3;
				INFOPLIST_FILE = GeoNamesWiki/Application/Info.plist;
				LD_RUNPATH_SEARCH_PATHS = (
					"$(inherited)",
					"@executable_path/Frameworks",
				);
				PRODUCT_BUNDLE_IDENTIFIER = KRASIUK.GeoNamesWiki;
				PRODUCT_NAME = "$(TARGET_NAME)";
				SWIFT_VERSION = 5.0;
				TARGETED_DEVICE_FAMILY = 1;
			};
			name = Release;
		};
		6785D3BB2370369F003B1636 /* Debug */ = {
			isa = XCBuildConfiguration;
			buildSettings = {
				ALWAYS_EMBED_SWIFT_STANDARD_LIBRARIES = YES;
				BUNDLE_LOADER = "$(TEST_HOST)";
				CODE_SIGN_STYLE = Automatic;
				DEVELOPMENT_TEAM = 2K3J9PFDL3;
				INFOPLIST_FILE = GeoNamesWikiTests/Info.plist;
				IPHONEOS_DEPLOYMENT_TARGET = 13.0;
				LD_RUNPATH_SEARCH_PATHS = (
					"$(inherited)",
					"@executable_path/Frameworks",
					"@loader_path/Frameworks",
				);
				PRODUCT_BUNDLE_IDENTIFIER = KRASIUK.GeoNamesWikiTests;
				PRODUCT_NAME = "$(TARGET_NAME)";
				SWIFT_VERSION = 5.0;
				TARGETED_DEVICE_FAMILY = "1,2";
				TEST_HOST = "$(BUILT_PRODUCTS_DIR)/GeoNamesWiki.app/GeoNamesWiki";
			};
			name = Debug;
		};
		6785D3BC2370369F003B1636 /* Release */ = {
			isa = XCBuildConfiguration;
			buildSettings = {
				ALWAYS_EMBED_SWIFT_STANDARD_LIBRARIES = YES;
				BUNDLE_LOADER = "$(TEST_HOST)";
				CODE_SIGN_STYLE = Automatic;
				DEVELOPMENT_TEAM = 2K3J9PFDL3;
				INFOPLIST_FILE = GeoNamesWikiTests/Info.plist;
				IPHONEOS_DEPLOYMENT_TARGET = 13.0;
				LD_RUNPATH_SEARCH_PATHS = (
					"$(inherited)",
					"@executable_path/Frameworks",
					"@loader_path/Frameworks",
				);
				PRODUCT_BUNDLE_IDENTIFIER = KRASIUK.GeoNamesWikiTests;
				PRODUCT_NAME = "$(TARGET_NAME)";
				SWIFT_VERSION = 5.0;
				TARGETED_DEVICE_FAMILY = "1,2";
				TEST_HOST = "$(BUILT_PRODUCTS_DIR)/GeoNamesWiki.app/GeoNamesWiki";
			};
			name = Release;
		};
		6785D3BE2370369F003B1636 /* Debug */ = {
			isa = XCBuildConfiguration;
			buildSettings = {
				ALWAYS_EMBED_SWIFT_STANDARD_LIBRARIES = YES;
				CODE_SIGN_STYLE = Automatic;
				DEVELOPMENT_TEAM = 2K3J9PFDL3;
				INFOPLIST_FILE = GeoNamesWikiUITests/Info.plist;
				LD_RUNPATH_SEARCH_PATHS = (
					"$(inherited)",
					"@executable_path/Frameworks",
					"@loader_path/Frameworks",
				);
				PRODUCT_BUNDLE_IDENTIFIER = KRASIUK.GeoNamesWikiUITests;
				PRODUCT_NAME = "$(TARGET_NAME)";
				SWIFT_VERSION = 5.0;
				TARGETED_DEVICE_FAMILY = "1,2";
				TEST_TARGET_NAME = GeoNamesWiki;
			};
			name = Debug;
		};
		6785D3BF2370369F003B1636 /* Release */ = {
			isa = XCBuildConfiguration;
			buildSettings = {
				ALWAYS_EMBED_SWIFT_STANDARD_LIBRARIES = YES;
				CODE_SIGN_STYLE = Automatic;
				DEVELOPMENT_TEAM = 2K3J9PFDL3;
				INFOPLIST_FILE = GeoNamesWikiUITests/Info.plist;
				LD_RUNPATH_SEARCH_PATHS = (
					"$(inherited)",
					"@executable_path/Frameworks",
					"@loader_path/Frameworks",
				);
				PRODUCT_BUNDLE_IDENTIFIER = KRASIUK.GeoNamesWikiUITests;
				PRODUCT_NAME = "$(TARGET_NAME)";
				SWIFT_VERSION = 5.0;
				TARGETED_DEVICE_FAMILY = "1,2";
				TEST_TARGET_NAME = GeoNamesWiki;
			};
			name = Release;
		};
/* End XCBuildConfiguration section */

/* Begin XCConfigurationList section */
		6785D3882370369E003B1636 /* Build configuration list for PBXProject "GeoNamesWiki" */ = {
			isa = XCConfigurationList;
			buildConfigurations = (
				6785D3B52370369F003B1636 /* Debug */,
				6785D3B62370369F003B1636 /* Release */,
			);
			defaultConfigurationIsVisible = 0;
			defaultConfigurationName = Release;
		};
		6785D3B72370369F003B1636 /* Build configuration list for PBXNativeTarget "GeoNamesWiki" */ = {
			isa = XCConfigurationList;
			buildConfigurations = (
				6785D3B82370369F003B1636 /* Debug */,
				6785D3B92370369F003B1636 /* Release */,
			);
			defaultConfigurationIsVisible = 0;
			defaultConfigurationName = Release;
		};
		6785D3BA2370369F003B1636 /* Build configuration list for PBXNativeTarget "GeoNamesWikiTests" */ = {
			isa = XCConfigurationList;
			buildConfigurations = (
				6785D3BB2370369F003B1636 /* Debug */,
				6785D3BC2370369F003B1636 /* Release */,
			);
			defaultConfigurationIsVisible = 0;
			defaultConfigurationName = Release;
		};
		6785D3BD2370369F003B1636 /* Build configuration list for PBXNativeTarget "GeoNamesWikiUITests" */ = {
			isa = XCConfigurationList;
			buildConfigurations = (
				6785D3BE2370369F003B1636 /* Debug */,
				6785D3BF2370369F003B1636 /* Release */,
			);
			defaultConfigurationIsVisible = 0;
			defaultConfigurationName = Release;
		};
/* End XCConfigurationList section */

/* Begin XCRemoteSwiftPackageReference section */
		670811972372C3F3009A132D /* XCRemoteSwiftPackageReference "Kingfisher" */ = {
			isa = XCRemoteSwiftPackageReference;
			repositoryURL = "https://github.com/onevcat/Kingfisher.git";
			requirement = {
				kind = upToNextMajorVersion;
				minimumVersion = 5.9.0;
			};
		};
		673B9BED23730C9200C0951E /* XCRemoteSwiftPackageReference "RappleProgressHUD" */ = {
			isa = XCRemoteSwiftPackageReference;
			repositoryURL = "https://github.com/rjeprasad/RappleProgressHUD.git";
			requirement = {
				kind = upToNextMajorVersion;
				minimumVersion = 4.0.3;
			};
		};
/* End XCRemoteSwiftPackageReference section */

/* Begin XCSwiftPackageProductDependency section */
		670811982372C3F3009A132D /* Kingfisher */ = {
			isa = XCSwiftPackageProductDependency;
			package = 670811972372C3F3009A132D /* XCRemoteSwiftPackageReference "Kingfisher" */;
			productName = Kingfisher;
		};
		673B9BEE23730C9200C0951E /* RappleProgressHUD */ = {
			isa = XCSwiftPackageProductDependency;
			package = 673B9BED23730C9200C0951E /* XCRemoteSwiftPackageReference "RappleProgressHUD" */;
			productName = RappleProgressHUD;
		};
/* End XCSwiftPackageProductDependency section */

/* Begin XCVersionGroup section */
		6785D3D02370D010003B1636 /* Geonames.xcdatamodeld */ = {
			isa = XCVersionGroup;
			children = (
				6785D3D12370D010003B1636 /* Geonames.xcdatamodel */,
			);
			currentVersion = 6785D3D12370D010003B1636 /* Geonames.xcdatamodel */;
			path = Geonames.xcdatamodeld;
			sourceTree = "<group>";
			versionGroupType = wrapper.xcdatamodel;
		};
/* End XCVersionGroup section */
	};
	rootObject = 6785D3852370369E003B1636 /* Project object */;
}
